
Microsoft Visual Studio Solution File, Format Version 12.00
# Visual Studio Version 17
VisualStudioVersion = 17.5.33424.131
MinimumVisualStudioVersion = 10.0.40219.1
Project("{FAE04EC0-301F-11D3-BF4B-00C04F79EFBC}") = "Lab06.Android", "Lab06\Lab06.Android\Lab06.Android.csproj", "{01DF339A-C0D8-465A-A05F-B74C2DCC636E}"
EndProject
Project("{FAE04EC0-301F-11D3-BF4B-00C04F79EFBC}") = "Lab06.iOS", "Lab06\Lab06.iOS\Lab06.iOS.csproj", "{68E2BF2E-48A4-47C4-8302-6F9AEF51EEDB}"
EndProject
Project("{9A19103F-16F7-4668-BE54-9A1E7A4F7556}") = "Lab06", "Lab06\Lab06\Lab06.csproj", "{6B881187-DF7F-4522-AA67-23C1558649E3}"
EndProject
Global
	GlobalSection(SolutionConfigurationPlatforms) = preSolution
		Debug|Any CPU = Debug|Any CPU
		Debug|iPhone = Debug|iPhone
		Debug|iPhoneSimulator = Debug|iPhoneSimulator
		Release|Any CPU = Release|Any CPU
		Release|iPhone = Release|iPhone
		Release|iPhoneSimulator = Release|iPhoneSimulator
	EndGlobalSection
	GlobalSection(ProjectConfigurationPlatforms) = postSolution
		{01DF339A-C0D8-465A-A05F-B74C2DCC636E}.Debug|Any CPU.ActiveCfg = Debug|Any CPU
		{01DF339A-C0D8-465A-A05F-B74C2DCC636E}.Debug|Any CPU.Build.0 = Debug|Any CPU
		{01DF339A-C0D8-465A-A05F-B74C2DCC636E}.Debug|Any CPU.Deploy.0 = Debug|Any CPU
		{01DF339A-C0D8-465A-A05F-B74C2DCC636E}.Debug|iPhone.ActiveCfg = Debug|Any CPU
		{01DF339A-C0D8-465A-A05F-B74C2DCC636E}.Debug|iPhone.Build.0 = Debug|Any CPU
		{01DF339A-C0D8-465A-A05F-B74C2DCC636E}.Debug|iPhone.Deploy.0 = Debug|Any CPU
		{01DF339A-C0D8-465A-A05F-B74C2DCC636E}.Debug|iPhoneSimulator.ActiveCfg = Debug|Any CPU
		{01DF339A-C0D8-465A-A05F-B74C2DCC636E}.Debug|iPhoneSimulator.Build.0 = Debug|Any CPU
		{01DF339A-C0D8-465A-A05F-B74C2DCC636E}.Debug|iPhoneSimulator.Deploy.0 = Debug|Any CPU
		{01DF339A-C0D8-465A-A05F-B74C2DCC636E}.Release|Any CPU.ActiveCfg = Release|Any CPU
		{01DF339A-C0D8-465A-A05F-B74C2DCC636E}.Release|Any CPU.Build.0 = Release|Any CPU
		{01DF339A-C0D8-465A-A05F-B74C2DCC636E}.Release|Any CPU.Deploy.0 = Release|Any CPU
		{01DF339A-C0D8-465A-A05F-B74C2DCC636E}.Release|iPhone.ActiveCfg = Release|Any CPU
		{01DF339A-C0D8-465A-A05F-B74C2DCC636E}.Release|iPhone.Build.0 = Release|Any CPU
		{01DF339A-C0D8-465A-A05F-B74C2DCC636E}.Release|iPhone.Deploy.0 = Release|Any CPU
		{01DF339A-C0D8-465A-A05F-B74C2DCC636E}.Release|iPhoneSimulator.ActiveCfg = Release|Any CPU
		{01DF339A-C0D8-465A-A05F-B74C2DCC636E}.Release|iPhoneSimulator.Build.0 = Release|Any CPU
		{01DF339A-C0D8-465A-A05F-B74C2DCC636E}.Release|iPhoneSimulator.Deploy.0 = Release|Any CPU
		{68E2BF2E-48A4-47C4-8302-6F9AEF51EEDB}.Debug|Any CPU.ActiveCfg = Debug|iPhone
		{68E2BF2E-48A4-47C4-8302-6F9AEF51EEDB}.Debug|Any CPU.Build.0 = Debug|iPhone
		{68E2BF2E-48A4-47C4-8302-6F9AEF51EEDB}.Debug|Any CPU.Deploy.0 = Debug|iPhone
		{68E2BF2E-48A4-47C4-8302-6F9AEF51EEDB}.Debug|iPhone.ActiveCfg = Debug|iPhone
		{68E2BF2E-48A4-47C4-8302-6F9AEF51EEDB}.Debug|iPhone.Build.0 = Debug|iPhone
		{68E2BF2E-48A4-47C4-8302-6F9AEF51EEDB}.Debug|iPhone.Deploy.0 = Debug|iPhone
		{68E2BF2E-48A4-47C4-8302-6F9AEF51EEDB}.Debug|iPhoneSimulator.ActiveCfg = Debug|iPhoneSimulator
		{68E2BF2E-48A4-47C4-8302-6F9AEF51EEDB}.Debug|iPhoneSimulator.Build.0 = Debug|iPhoneSimulator
		{68E2BF2E-48A4-47C4-8302-6F9AEF51EEDB}.Debug|iPhoneSimulator.Deploy.0 = Debug|iPhoneSimulator
		{68E2BF2E-48A4-47C4-8302-6F9AEF51EEDB}.Release|Any CPU.ActiveCfg = Release|iPhoneSimulator
		{68E2BF2E-48A4-47C4-8302-6F9AEF51EEDB}.Release|Any CPU.Build.0 = Release|iPhoneSimulator
		{68E2BF2E-48A4-47C4-8302-6F9AEF51EEDB}.Release|Any CPU.Deploy.0 = Release|iPhoneSimulator
		{68E2BF2E-48A4-47C4-8302-6F9AEF51EEDB}.Release|iPhone.ActiveCfg = Release|iPhone
		{68E2BF2E-48A4-47C4-8302-6F9AEF51EEDB}.Release|iPhone.Build.0 = Release|iPhone
		{68E2BF2E-48A4-47C4-8302-6F9AEF51EEDB}.Release|iPhone.Deploy.0 = Release|iPhone
		{68E2BF2E-48A4-47C4-8302-6F9AEF51EEDB}.Release|iPhoneSimulator.ActiveCfg = Release|iPhoneSimulator
		{68E2BF2E-48A4-47C4-8302-6F9AEF51EEDB}.Release|iPhoneSimulator.Build.0 = Release|iPhoneSimulator
		{68E2BF2E-48A4-47C4-8302-6F9AEF51EEDB}.Release|iPhoneSimulator.Deploy.0 = Release|iPhoneSimulator
		{6B881187-DF7F-4522-AA67-23C1558649E3}.Debug|Any CPU.ActiveCfg = Debug|Any CPU
		{6B881187-DF7F-4522-AA67-23C1558649E3}.Debug|Any CPU.Build.0 = Debug|Any CPU
		{6B881187-DF7F-4522-AA67-23C1558649E3}.Debug|Any CPU.Deploy.0 = Debug|Any CPU
		{6B881187-DF7F-4522-AA67-23C1558649E3}.Debug|iPhone.ActiveCfg = Debug|Any CPU
		{6B881187-DF7F-4522-AA67-23C1558649E3}.Debug|iPhone.Build.0 = Debug|Any CPU
		{6B881187-DF7F-4522-AA67-23C1558649E3}.Debug|iPhone.Deploy.0 = Debug|Any CPU
		{6B881187-DF7F-4522-AA67-23C1558649E3}.Debug|iPhoneSimulator.ActiveCfg = Debug|Any CPU
		{6B881187-DF7F-4522-AA67-23C1558649E3}.Debug|iPhoneSimulator.Build.0 = Debug|Any CPU
		{6B881187-DF7F-4522-AA67-23C1558649E3}.Debug|iPhoneSimulator.Deploy.0 = Debug|Any CPU
		{6B881187-DF7F-4522-AA67-23C1558649E3}.Release|Any CPU.ActiveCfg = Release|Any CPU
		{6B881187-DF7F-4522-AA67-23C1558649E3}.Release|Any CPU.Build.0 = Release|Any CPU
		{6B881187-DF7F-4522-AA67-23C1558649E3}.Release|Any CPU.Deploy.0 = Release|Any CPU
		{6B881187-DF7F-4522-AA67-23C1558649E3}.Release|iPhone.ActiveCfg = Release|Any CPU
		{6B881187-DF7F-4522-AA67-23C1558649E3}.Release|iPhone.Build.0 = Release|Any CPU
		{6B881187-DF7F-4522-AA67-23C1558649E3}.Release|iPhone.Deploy.0 = Release|Any CPU
		{6B881187-DF7F-4522-AA67-23C1558649E3}.Release|iPhoneSimulator.ActiveCfg = Release|Any CPU
		{6B881187-DF7F-4522-AA67-23C1558649E3}.Release|iPhoneSimulator.Build.0 = Release|Any CPU
		{6B881187-DF7F-4522-AA67-23C1558649E3}.Release|iPhoneSimulator.Deploy.0 = Release|Any CPU
	EndGlobalSection
	GlobalSection(SolutionProperties) = preSolution
		HideSolutionNode = FALSE
	EndGlobalSection
	GlobalSection(ExtensibilityGlobals) = postSolution
		SolutionGuid = {7D1DE272-DE98-42C9-B814-C5AEBCB7DB01}
	EndGlobalSection
EndGlobal
